
Microsoft Visual Studio Solution File, Format Version 12.00
# Visual Studio Version 16
VisualStudioVersion = 16.0.30330.147
MinimumVisualStudioVersion = 10.0.40219.1
Project("{8BC9CEB8-8B4A-11D0-8D11-00A0C91BC942}") = "main", "main\main.vcxproj", "{6EE555C7-2165-473D-BE84-4EAA7372536D}"
EndProject
Project("{8BC9CEB8-8B4A-11D0-8D11-00A0C91BC942}") = "track", "track\track.vcxproj", "{5F33050B-36CB-410A-B3AF-3EA00A68F09C}"
EndProject
Project("{8BC9CEB8-8B4A-11D0-8D11-00A0C91BC942}") = "stereo_calib", "stereo_calib\stereo_calib.vcxproj", "{7FA27915-CDAE-4E0B-972C-1A8694C15B08}"
EndProject
Project("{8BC9CEB8-8B4A-11D0-8D11-00A0C91BC942}") = "capture", "capture\capture.vcxproj", "{90ACC71C-AE70-4DE7-9C91-C20FF04E1575}"
EndProject
Project("{8BC9CEB8-8B4A-11D0-8D11-00A0C91BC942}") = "thresh", "thresh\thresh.vcxproj", "{2E2EF4F7-628E-4AEF-915B-FCF1AF425A67}"
EndProject
Project("{8BC9CEB8-8B4A-11D0-8D11-00A0C91BC942}") = "trial", "trial\trial.vcxproj", "{BA1C6ACF-6C8E-4AB4-83F3-6D6071A39D3F}"
EndProject
Project("{8BC9CEB8-8B4A-11D0-8D11-00A0C91BC942}") = "camera2world", "camera2world\camera2world.vcxproj", "{6F9ECF6B-DD7A-423B-BDF9-9DF812134914}"
EndProject
Project("{8BC9CEB8-8B4A-11D0-8D11-00A0C91BC942}") = "BGR_thresh", "BGR_thresh\BGR_thresh.vcxproj", "{B6991EB5-322F-4A68-8F20-1B8A3C9B6514}"
EndProject
Project("{8BC9CEB8-8B4A-11D0-8D11-00A0C91BC942}") = "helloworld", "helloworld\helloworld.vcxproj", "{0740EFA5-E95A-4B45-8775-C3BD1347754D}"
EndProject
Global
	GlobalSection(SolutionConfigurationPlatforms) = preSolution
		Debug|ARM = Debug|ARM
		Debug|ARM64 = Debug|ARM64
		Debug|x64 = Debug|x64
		Debug|x86 = Debug|x86
		Release|ARM = Release|ARM
		Release|ARM64 = Release|ARM64
		Release|x64 = Release|x64
		Release|x86 = Release|x86
	EndGlobalSection
	GlobalSection(ProjectConfigurationPlatforms) = postSolution
		{6EE555C7-2165-473D-BE84-4EAA7372536D}.Debug|ARM.ActiveCfg = Debug|Win32
		{6EE555C7-2165-473D-BE84-4EAA7372536D}.Debug|ARM64.ActiveCfg = Debug|Win32
		{6EE555C7-2165-473D-BE84-4EAA7372536D}.Debug|x64.ActiveCfg = Debug|x64
		{6EE555C7-2165-473D-BE84-4EAA7372536D}.Debug|x64.Build.0 = Debug|x64
		{6EE555C7-2165-473D-BE84-4EAA7372536D}.Debug|x86.ActiveCfg = Debug|Win32
		{6EE555C7-2165-473D-BE84-4EAA7372536D}.Debug|x86.Build.0 = Debug|Win32
		{6EE555C7-2165-473D-BE84-4EAA7372536D}.Release|ARM.ActiveCfg = Release|Win32
		{6EE555C7-2165-473D-BE84-4EAA7372536D}.Release|ARM64.ActiveCfg = Release|Win32
		{6EE555C7-2165-473D-BE84-4EAA7372536D}.Release|x64.ActiveCfg = Release|x64
		{6EE555C7-2165-473D-BE84-4EAA7372536D}.Release|x64.Build.0 = Release|x64
		{6EE555C7-2165-473D-BE84-4EAA7372536D}.Release|x86.ActiveCfg = Release|Win32
		{6EE555C7-2165-473D-BE84-4EAA7372536D}.Release|x86.Build.0 = Release|Win32
		{5F33050B-36CB-410A-B3AF-3EA00A68F09C}.Debug|ARM.ActiveCfg = Debug|Win32
		{5F33050B-36CB-410A-B3AF-3EA00A68F09C}.Debug|ARM64.ActiveCfg = Debug|Win32
		{5F33050B-36CB-410A-B3AF-3EA00A68F09C}.Debug|x64.ActiveCfg = Debug|x64
		{5F33050B-36CB-410A-B3AF-3EA00A68F09C}.Debug|x64.Build.0 = Debug|x64
		{5F33050B-36CB-410A-B3AF-3EA00A68F09C}.Debug|x86.ActiveCfg = Debug|Win32
		{5F33050B-36CB-410A-B3AF-3EA00A68F09C}.Debug|x86.Build.0 = Debug|Win32
		{5F33050B-36CB-410A-B3AF-3EA00A68F09C}.Release|ARM.ActiveCfg = Release|Win32
		{5F33050B-36CB-410A-B3AF-3EA00A68F09C}.Release|ARM64.ActiveCfg = Release|Win32
		{5F33050B-36CB-410A-B3AF-3EA00A68F09C}.Release|x64.ActiveCfg = Release|x64
		{5F33050B-36CB-410A-B3AF-3EA00A68F09C}.Release|x64.Build.0 = Release|x64
		{5F33050B-36CB-410A-B3AF-3EA00A68F09C}.Release|x86.ActiveCfg = Release|Win32
		{5F33050B-36CB-410A-B3AF-3EA00A68F09C}.Release|x86.Build.0 = Release|Win32
		{7FA27915-CDAE-4E0B-972C-1A8694C15B08}.Debug|ARM.ActiveCfg = Debug|Win32
		{7FA27915-CDAE-4E0B-972C-1A8694C15B08}.Debug|ARM64.ActiveCfg = Debug|Win32
		{7FA27915-CDAE-4E0B-972C-1A8694C15B08}.Debug|x64.ActiveCfg = Debug|x64
		{7FA27915-CDAE-4E0B-972C-1A8694C15B08}.Debug|x64.Build.0 = Debug|x64
		{7FA27915-CDAE-4E0B-972C-1A8694C15B08}.Debug|x86.ActiveCfg = Debug|Win32
		{7FA27915-CDAE-4E0B-972C-1A8694C15B08}.Debug|x86.Build.0 = Debug|Win32
		{7FA27915-CDAE-4E0B-972C-1A8694C15B08}.Release|ARM.ActiveCfg = Release|Win32
		{7FA27915-CDAE-4E0B-972C-1A8694C15B08}.Release|ARM64.ActiveCfg = Release|Win32
		{7FA27915-CDAE-4E0B-972C-1A8694C15B08}.Release|x64.ActiveCfg = Release|x64
		{7FA27915-CDAE-4E0B-972C-1A8694C15B08}.Release|x64.Build.0 = Release|x64
		{7FA27915-CDAE-4E0B-972C-1A8694C15B08}.Release|x86.ActiveCfg = Release|Win32
		{7FA27915-CDAE-4E0B-972C-1A8694C15B08}.Release|x86.Build.0 = Release|Win32
		{90ACC71C-AE70-4DE7-9C91-C20FF04E1575}.Debug|ARM.ActiveCfg = Debug|Win32
		{90ACC71C-AE70-4DE7-9C91-C20FF04E1575}.Debug|ARM64.ActiveCfg = Debug|Win32
		{90ACC71C-AE70-4DE7-9C91-C20FF04E1575}.Debug|x64.ActiveCfg = Debug|x64
		{90ACC71C-AE70-4DE7-9C91-C20FF04E1575}.Debug|x64.Build.0 = Debug|x64
		{90ACC71C-AE70-4DE7-9C91-C20FF04E1575}.Debug|x86.ActiveCfg = Debug|Win32
		{90ACC71C-AE70-4DE7-9C91-C20FF04E1575}.Debug|x86.Build.0 = Debug|Win32
		{90ACC71C-AE70-4DE7-9C91-C20FF04E1575}.Release|ARM.ActiveCfg = Release|Win32
		{90ACC71C-AE70-4DE7-9C91-C20FF04E1575}.Release|ARM64.ActiveCfg = Release|Win32
		{90ACC71C-AE70-4DE7-9C91-C20FF04E1575}.Release|x64.ActiveCfg = Release|x64
		{90ACC71C-AE70-4DE7-9C91-C20FF04E1575}.Release|x64.Build.0 = Release|x64
		{90ACC71C-AE70-4DE7-9C91-C20FF04E1575}.Release|x86.ActiveCfg = Release|Win32
		{90ACC71C-AE70-4DE7-9C91-C20FF04E1575}.Release|x86.Build.0 = Release|Win32
		{2E2EF4F7-628E-4AEF-915B-FCF1AF425A67}.Debug|ARM.ActiveCfg = Debug|Win32
		{2E2EF4F7-628E-4AEF-915B-FCF1AF425A67}.Debug|ARM64.ActiveCfg = Debug|Win32
		{2E2EF4F7-628E-4AEF-915B-FCF1AF425A67}.Debug|x64.ActiveCfg = Debug|x64
		{2E2EF4F7-628E-4AEF-915B-FCF1AF425A67}.Debug|x64.Build.0 = Debug|x64
		{2E2EF4F7-628E-4AEF-915B-FCF1AF425A67}.Debug|x86.ActiveCfg = Debug|Win32
		{2E2EF4F7-628E-4AEF-915B-FCF1AF425A67}.Debug|x86.Build.0 = Debug|Win32
		{2E2EF4F7-628E-4AEF-915B-FCF1AF425A67}.Release|ARM.ActiveCfg = Release|Win32
		{2E2EF4F7-628E-4AEF-915B-FCF1AF425A67}.Release|ARM64.ActiveCfg = Release|Win32
		{2E2EF4F7-628E-4AEF-915B-FCF1AF425A67}.Release|x64.ActiveCfg = Release|x64
		{2E2EF4F7-628E-4AEF-915B-FCF1AF425A67}.Release|x64.Build.0 = Release|x64
		{2E2EF4F7-628E-4AEF-915B-FCF1AF425A67}.Release|x86.ActiveCfg = Release|Win32
		{2E2EF4F7-628E-4AEF-915B-FCF1AF425A67}.Release|x86.Build.0 = Release|Win32
		{BA1C6ACF-6C8E-4AB4-83F3-6D6071A39D3F}.Debug|ARM.ActiveCfg = Debug|Win32
		{BA1C6ACF-6C8E-4AB4-83F3-6D6071A39D3F}.Debug|ARM64.ActiveCfg = Debug|Win32
		{BA1C6ACF-6C8E-4AB4-83F3-6D6071A39D3F}.Debug|x64.ActiveCfg = Debug|x64
		{BA1C6ACF-6C8E-4AB4-83F3-6D6071A39D3F}.Debug|x64.Build.0 = Debug|x64
		{BA1C6ACF-6C8E-4AB4-83F3-6D6071A39D3F}.Debug|x86.ActiveCfg = Debug|Win32
		{BA1C6ACF-6C8E-4AB4-83F3-6D6071A39D3F}.Debug|x86.Build.0 = Debug|Win32
		{BA1C6ACF-6C8E-4AB4-83F3-6D6071A39D3F}.Release|ARM.ActiveCfg = Release|Win32
		{BA1C6ACF-6C8E-4AB4-83F3-6D6071A39D3F}.Release|ARM64.ActiveCfg = Release|Win32
		{BA1C6ACF-6C8E-4AB4-83F3-6D6071A39D3F}.Release|x64.ActiveCfg = Release|x64
		{BA1C6ACF-6C8E-4AB4-83F3-6D6071A39D3F}.Release|x64.Build.0 = Release|x64
		{BA1C6ACF-6C8E-4AB4-83F3-6D6071A39D3F}.Release|x86.ActiveCfg = Release|Win32
		{BA1C6ACF-6C8E-4AB4-83F3-6D6071A39D3F}.Release|x86.Build.0 = Release|Win32
		{6F9ECF6B-DD7A-423B-BDF9-9DF812134914}.Debug|ARM.ActiveCfg = Debug|Win32
		{6F9ECF6B-DD7A-423B-BDF9-9DF812134914}.Debug|ARM64.ActiveCfg = Debug|Win32
		{6F9ECF6B-DD7A-423B-BDF9-9DF812134914}.Debug|x64.ActiveCfg = Debug|x64
		{6F9ECF6B-DD7A-423B-BDF9-9DF812134914}.Debug|x64.Build.0 = Debug|x64
		{6F9ECF6B-DD7A-423B-BDF9-9DF812134914}.Debug|x86.ActiveCfg = Debug|Win32
		{6F9ECF6B-DD7A-423B-BDF9-9DF812134914}.Debug|x86.Build.0 = Debug|Win32
		{6F9ECF6B-DD7A-423B-BDF9-9DF812134914}.Release|ARM.ActiveCfg = Release|Win32
		{6F9ECF6B-DD7A-423B-BDF9-9DF812134914}.Release|ARM64.ActiveCfg = Release|Win32
		{6F9ECF6B-DD7A-423B-BDF9-9DF812134914}.Release|x64.ActiveCfg = Release|x64
		{6F9ECF6B-DD7A-423B-BDF9-9DF812134914}.Release|x64.Build.0 = Release|x64
		{6F9ECF6B-DD7A-423B-BDF9-9DF812134914}.Release|x86.ActiveCfg = Release|Win32
		{6F9ECF6B-DD7A-423B-BDF9-9DF812134914}.Release|x86.Build.0 = Release|Win32
		{B6991EB5-322F-4A68-8F20-1B8A3C9B6514}.Debug|ARM.ActiveCfg = Debug|Win32
		{B6991EB5-322F-4A68-8F20-1B8A3C9B6514}.Debug|ARM64.ActiveCfg = Debug|Win32
		{B6991EB5-322F-4A68-8F20-1B8A3C9B6514}.Debug|x64.ActiveCfg = Debug|x64
		{B6991EB5-322F-4A68-8F20-1B8A3C9B6514}.Debug|x64.Build.0 = Debug|x64
		{B6991EB5-322F-4A68-8F20-1B8A3C9B6514}.Debug|x86.ActiveCfg = Debug|Win32
		{B6991EB5-322F-4A68-8F20-1B8A3C9B6514}.Debug|x86.Build.0 = Debug|Win32
		{B6991EB5-322F-4A68-8F20-1B8A3C9B6514}.Release|ARM.ActiveCfg = Release|Win32
		{B6991EB5-322F-4A68-8F20-1B8A3C9B6514}.Release|ARM64.ActiveCfg = Release|Win32
		{B6991EB5-322F-4A68-8F20-1B8A3C9B6514}.Release|x64.ActiveCfg = Release|x64
		{B6991EB5-322F-4A68-8F20-1B8A3C9B6514}.Release|x64.Build.0 = Release|x64
		{B6991EB5-322F-4A68-8F20-1B8A3C9B6514}.Release|x86.ActiveCfg = Release|Win32
		{B6991EB5-322F-4A68-8F20-1B8A3C9B6514}.Release|x86.Build.0 = Release|Win32
		{0740EFA5-E95A-4B45-8775-C3BD1347754D}.Debug|ARM.ActiveCfg = Debug|Win32
		{0740EFA5-E95A-4B45-8775-C3BD1347754D}.Debug|ARM64.ActiveCfg = Debug|Win32
		{0740EFA5-E95A-4B45-8775-C3BD1347754D}.Debug|x64.ActiveCfg = Debug|x64
		{0740EFA5-E95A-4B45-8775-C3BD1347754D}.Debug|x64.Build.0 = Debug|x64
		{0740EFA5-E95A-4B45-8775-C3BD1347754D}.Debug|x86.ActiveCfg = Debug|Win32
		{0740EFA5-E95A-4B45-8775-C3BD1347754D}.Debug|x86.Build.0 = Debug|Win32
		{0740EFA5-E95A-4B45-8775-C3BD1347754D}.Release|ARM.ActiveCfg = Release|Win32
		{0740EFA5-E95A-4B45-8775-C3BD1347754D}.Release|ARM64.ActiveCfg = Release|Win32
		{0740EFA5-E95A-4B45-8775-C3BD1347754D}.Release|x64.ActiveCfg = Release|x64
		{0740EFA5-E95A-4B45-8775-C3BD1347754D}.Release|x64.Build.0 = Release|x64
		{0740EFA5-E95A-4B45-8775-C3BD1347754D}.Release|x86.ActiveCfg = Release|Win32
		{0740EFA5-E95A-4B45-8775-C3BD1347754D}.Release|x86.Build.0 = Release|Win32
	EndGlobalSection
	GlobalSection(SolutionProperties) = preSolution
		HideSolutionNode = FALSE
	EndGlobalSection
	GlobalSection(ExtensibilityGlobals) = postSolution
		SolutionGuid = {1EEBC3F3-1DEB-48C5-B1F4-CCDFE1B4A255}
	EndGlobalSection
EndGlobal
